
Microsoft Visual Studio Solution File, Format Version 12.00
# Visual Studio Version 17
VisualStudioVersion = 17.0.31903.59
MinimumVisualStudioVersion = 10.0.40219.1
Project("{FAE04EC0-301F-11D3-BF4B-00C04F79EFBC}") = "GitHookz.Web", "GitHookz.Web\GitHookz.Web.csproj", "{412C1D7D-0A34-4028-9A91-54A6A5947980}"
EndProject
Project("{FAE04EC0-301F-11D3-BF4B-00C04F79EFBC}") = "GitHookz.Core", "GitHookz.Core\GitHookz.Core.csproj", "{D6ADAE57-8275-4D0B-9C69-02CD5CE6021B}"
EndProject
Global
	GlobalSection(SolutionConfigurationPlatforms) = preSolution
		Debug|Any CPU = Debug|Any CPU
		Release|Any CPU = Release|Any CPU
	EndGlobalSection
	GlobalSection(ProjectConfigurationPlatforms) = postSolution
		{412C1D7D-0A34-4028-9A91-54A6A5947980}.Debug|Any CPU.ActiveCfg = Debug|Any CPU
		{412C1D7D-0A34-4028-9A91-54A6A5947980}.Debug|Any CPU.Build.0 = Debug|Any CPU
		{412C1D7D-0A34-4028-9A91-54A6A5947980}.Release|Any CPU.ActiveCfg = Release|Any CPU
		{412C1D7D-0A34-4028-9A91-54A6A5947980}.Release|Any CPU.Build.0 = Release|Any CPU
		{D6ADAE57-8275-4D0B-9C69-02CD5CE6021B}.Debug|Any CPU.ActiveCfg = Debug|Any CPU
		{D6ADAE57-8275-4D0B-9C69-02CD5CE6021B}.Debug|Any CPU.Build.0 = Debug|Any CPU
		{D6ADAE57-8275-4D0B-9C69-02CD5CE6021B}.Release|Any CPU.ActiveCfg = Release|Any CPU
		{D6ADAE57-8275-4D0B-9C69-02CD5CE6021B}.Release|Any CPU.Build.0 = Release|Any CPU
	EndGlobalSection
	GlobalSection(SolutionProperties) = preSolution
		HideSolutionNode = FALSE
	EndGlobalSection
EndGlobal
